
Microsoft Visual Studio Solution File, Format Version 12.00
# Visual Studio Version 17
VisualStudioVersion = 17.2.32616.157
MinimumVisualStudioVersion = 10.0.40219.1
Project("{FAE04EC0-301F-11D3-BF4B-00C04F79EFBC}") = "JsonToTable", "JsonToTable\JsonToTable.csproj", "{04A64253-FBB5-44F9-9D39-187019852CBD}"
EndProject
Global
	GlobalSection(SolutionConfigurationPlatforms) = preSolution
		Debug|Any CPU = Debug|Any CPU
		Release|Any CPU = Release|Any CPU
	EndGlobalSection
	GlobalSection(ProjectConfigurationPlatforms) = postSolution
		{04A64253-FBB5-44F9-9D39-187019852CBD}.Debug|Any CPU.ActiveCfg = Debug|Any CPU
		{04A64253-FBB5-44F9-9D39-187019852CBD}.Debug|Any CPU.Build.0 = Debug|Any CPU
		{04A64253-FBB5-44F9-9D39-187019852CBD}.Release|Any CPU.ActiveCfg = Release|Any CPU
		{04A64253-FBB5-44F9-9D39-187019852CBD}.Release|Any CPU.Build.0 = Release|Any CPU
	EndGlobalSection
	GlobalSection(SolutionProperties) = preSolution
		HideSolutionNode = FALSE
	EndGlobalSection
	GlobalSection(ExtensibilityGlobals) = postSolution
		SolutionGuid = {E9375B80-EEBE-4005-BAF3-797619EFDA3A}
	EndGlobalSection
EndGlobal
